// !$*UTF8*$!
{
	archiveVersion = 1;
	classes = {
	};
	objectVersion = 46;
	objects = {

/* Begin PBXBuildFile section */
		A4AB3C231B9AEA3F00377AAC /* main.m in Sources */ = {isa = PBXBuildFile; fileRef = A4AB3C221B9AEA3F00377AAC /* main.m */; };
		A4AB3C261B9AEA3F00377AAC /* AppDelegate.m in Sources */ = {isa = PBXBuildFile; fileRef = A4AB3C251B9AEA3F00377AAC /* AppDelegate.m */; };
		A4AB3C291B9AEA3F00377AAC /* ViewController.m in Sources */ = {isa = PBXBuildFile; fileRef = A4AB3C281B9AEA3F00377AAC /* ViewController.m */; };
		A4AB3C2C1B9AEA3F00377AAC /* Main.storyboard in Resources */ = {isa = PBXBuildFile; fileRef = A4AB3C2A1B9AEA3F00377AAC /* Main.storyboard */; };
		A4AB3C2E1B9AEA3F00377AAC /* Images.xcassets in Resources */ = {isa = PBXBuildFile; fileRef = A4AB3C2D1B9AEA3F00377AAC /* Images.xcassets */; };
		A4AB3C311B9AEA3F00377AAC /* LaunchScreen.xib in Resources */ = {isa = PBXBuildFile; fileRef = A4AB3C2F1B9AEA3F00377AAC /* LaunchScreen.xib */; };
		A4AB3C3D1B9AEA3F00377AAC /* TestPlayTests.m in Sources */ = {isa = PBXBuildFile; fileRef = A4AB3C3C1B9AEA3F00377AAC /* TestPlayTests.m */; };
		A4AB3C471B9AECC300377AAC /* test.mp4 in Resources */ = {isa = PBXBuildFile; fileRef = A4AB3C461B9AECC300377AAC /* test.mp4 */; };
		A4AB3C491B9AF2A700377AAC /* Mac.mp4 in Resources */ = {isa = PBXBuildFile; fileRef = A4AB3C481B9AF2A700377AAC /* Mac.mp4 */; };
/* End PBXBuildFile section */

/* Begin PBXContainerItemProxy section */
		A4AB3C371B9AEA3F00377AAC /* PBXContainerItemProxy */ = {
			isa = PBXContainerItemProxy;
			containerPortal = A4AB3C151B9AEA3F00377AAC /* Project object */;
			proxyType = 1;
			remoteGlobalIDString = A4AB3C1C1B9AEA3F00377AAC;
			remoteInfo = TestPlay;
		};
/* End PBXContainerItemProxy section */

/* Begin PBXFileReference section */
		A4AB3C1D1B9AEA3F00377AAC /* TestPlay.app */ = {isa = PBXFileReference; explicitFileType = wrapper.application; includeInIndex = 0; path = TestPlay.app; sourceTree = BUILT_PRODUCTS_DIR; };
		A4AB3C211B9AEA3F00377AAC /* Info.plist */ = {isa = PBXFileReference; lastKnownFileType = text.plist.xml; path = Info.plist; sourceTree = "<group>"; };
		A4AB3C221B9AEA3F00377AAC /* main.m */ = {isa = PBXFileReference; lastKnownFileType = sourcecode.c.objc; path = main.m; sourceTree = "<group>"; };
		A4AB3C241B9AEA3F00377AAC /* AppDelegate.h */ = {isa = PBXFileReference; lastKnownFileType = sourcecode.c.h; path = AppDelegate.h; sourceTree = "<group>"; };
		A4AB3C251B9AEA3F00377AAC /* AppDelegate.m */ = {isa = PBXFileReference; lastKnownFileType = sourcecode.c.objc; path = AppDelegate.m; sourceTree = "<group>"; };
		A4AB3C271B9AEA3F00377AAC /* ViewController.h */ = {isa = PBXFileReference; lastKnownFileType = sourcecode.c.h; path = ViewController.h; sourceTree = "<group>"; };
		A4AB3C281B9AEA3F00377AAC /* ViewController.m */ = {isa = PBXFileReference; lastKnownFileType = sourcecode.c.objc; path = ViewController.m; sourceTree = "<group>"; };
		A4AB3C2B1B9AEA3F00377AAC /* Base */ = {isa = PBXFileReference; lastKnownFileType = file.storyboard; name = Base; path = Base.lproj/Main.storyboard; sourceTree = "<group>"; };
		A4AB3C2D1B9AEA3F00377AAC /* Images.xcassets */ = {isa = PBXFileReference; lastKnownFileType = folder.assetcatalog; path = Images.xcassets; sourceTree = "<group>"; };
		A4AB3C301B9AEA3F00377AAC /* Base */ = {isa = PBXFileReference; lastKnownFileType = file.xib; name = Base; path = Base.lproj/LaunchScreen.xib; sourceTree = "<group>"; };
		A4AB3C361B9AEA3F00377AAC /* TestPlayTests.xctest */ = {isa = PBXFileReference; explicitFileType = wrapper.cfbundle; includeInIndex = 0; path = TestPlayTests.xctest; sourceTree = BUILT_PRODUCTS_DIR; };
		A4AB3C3B1B9AEA3F00377AAC /* Info.plist */ = {isa = PBXFileReference; lastKnownFileType = text.plist.xml; path = Info.plist; sourceTree = "<group>"; };
		A4AB3C3C1B9AEA3F00377AAC /* TestPlayTests.m */ = {isa = PBXFileReference; lastKnownFileType = sourcecode.c.objc; path = TestPlayTests.m; sourceTree = "<group>"; };
		A4AB3C461B9AECC300377AAC /* test.mp4 */ = {isa = PBXFileReference; lastKnownFileType = file; path = test.mp4; sourceTree = "<group>"; };
		A4AB3C481B9AF2A700377AAC /* Mac.mp4 */ = {isa = PBXFileReference; lastKnownFileType = file; path = Mac.mp4; sourceTree = "<group>"; };
/* End PBXFileReference section */

/* Begin PBXFrameworksBuildPhase section */
		A4AB3C1A1B9AEA3F00377AAC /* Frameworks */ = {
			isa = PBXFrameworksBuildPhase;
			buildActionMask = 2147483647;
			files = (
			);
			runOnlyForDeploymentPostprocessing = 0;
		};
		A4AB3C331B9AEA3F00377AAC /* Frameworks */ = {
			isa = PBXFrameworksBuildPhase;
			buildActionMask = 2147483647;
			files = (
			);
			runOnlyForDeploymentPostprocessing = 0;
		};
/* End PBXFrameworksBuildPhase section */

/* Begin PBXGroup section */
		A4AB3C141B9AEA3F00377AAC = {
			isa = PBXGroup;
			children = (
				A4AB3C1F1B9AEA3F00377AAC /* TestPlay */,
				A4AB3C391B9AEA3F00377AAC /* TestPlayTests */,
				A4AB3C1E1B9AEA3F00377AAC /* Products */,
			);
			sourceTree = "<group>";
		};
		A4AB3C1E1B9AEA3F00377AAC /* Products */ = {
			isa = PBXGroup;
			children = (
				A4AB3C1D1B9AEA3F00377AAC /* TestPlay.app */,
				A4AB3C361B9AEA3F00377AAC /* TestPlayTests.xctest */,
			);
			name = Products;
			sourceTree = "<group>";
		};
		A4AB3C1F1B9AEA3F00377AAC /* TestPlay */ = {
			isa = PBXGroup;
			children = (
				A4AB3C241B9AEA3F00377AAC /* AppDelegate.h */,
				A4AB3C251B9AEA3F00377AAC /* AppDelegate.m */,
				A4AB3C271B9AEA3F00377AAC /* ViewController.h */,
				A4AB3C281B9AEA3F00377AAC /* ViewController.m */,
				A4AB3C2A1B9AEA3F00377AAC /* Main.storyboard */,
				A4AB3C2D1B9AEA3F00377AAC /* Images.xcassets */,
				A4AB3C2F1B9AEA3F00377AAC /* LaunchScreen.xib */,
				A4AB3C201B9AEA3F00377AAC /* Supporting Files */,
			);
			path = TestPlay;
			sourceTree = "<group>";
		};
		A4AB3C201B9AEA3F00377AAC /* Supporting Files */ = {
			isa = PBXGroup;
			children = (
				A4AB3C481B9AF2A700377AAC /* Mac.mp4 */,
				A4AB3C461B9AECC300377AAC /* test.mp4 */,
				A4AB3C211B9AEA3F00377AAC /* Info.plist */,
				A4AB3C221B9AEA3F00377AAC /* main.m */,
			);
			name = "Supporting Files";
			sourceTree = "<group>";
		};
		A4AB3C391B9AEA3F00377AAC /* TestPlayTests */ = {
			isa = PBXGroup;
			children = (
				A4AB3C3C1B9AEA3F00377AAC /* TestPlayTests.m */,
				A4AB3C3A1B9AEA3F00377AAC /* Supporting Files */,
			);
			path = TestPlayTests;
			sourceTree = "<group>";
		};
		A4AB3C3A1B9AEA3F00377AAC /* Supporting Files */ = {
			isa = PBXGroup;
			children = (
				A4AB3C3B1B9AEA3F00377AAC /* Info.plist */,
			);
			name = "Supporting Files";
			sourceTree = "<group>";
		};
/* End PBXGroup section */

/* Begin PBXNativeTarget section */
		A4AB3C1C1B9AEA3F00377AAC /* TestPlay */ = {
			isa = PBXNativeTarget;
			buildConfigurationList = A4AB3C401B9AEA4000377AAC /* Build configuration list for PBXNativeTarget "TestPlay" */;
			buildPhases = (
				A4AB3C191B9AEA3F00377AAC /* Sources */,
				A4AB3C1A1B9AEA3F00377AAC /* Frameworks */,
				A4AB3C1B1B9AEA3F00377AAC /* Resources */,
			);
			buildRules = (
			);
			dependencies = (
			);
			name = TestPlay;
			productName = TestPlay;
			productReference = A4AB3C1D1B9AEA3F00377AAC /* TestPlay.app */;
			productType = "com.apple.product-type.application";
		};
		A4AB3C351B9AEA3F00377AAC /* TestPlayTests */ = {
			isa = PBXNativeTarget;
			buildConfigurationList = A4AB3C431B9AEA4000377AAC /* Build configuration list for PBXNativeTarget "TestPlayTests" */;
			buildPhases = (
				A4AB3C321B9AEA3F00377AAC /* Sources */,
				A4AB3C331B9AEA3F00377AAC /* Frameworks */,
				A4AB3C341B9AEA3F00377AAC /* Resources */,
			);
			buildRules = (
			);
			dependencies = (
				A4AB3C381B9AEA3F00377AAC /* PBXTargetDependency */,
			);
			name = TestPlayTests;
			productName = TestPlayTests;
			productReference = A4AB3C361B9AEA3F00377AAC /* TestPlayTests.xctest */;
			productType = "com.apple.product-type.bundle.unit-test";
		};
/* End PBXNativeTarget section */

/* Begin PBXProject section */
		A4AB3C151B9AEA3F00377AAC /* Project object */ = {
			isa = PBXProject;
			attributes = {
				LastUpgradeCheck = 0640;
				ORGANIZATIONNAME = pandazheng;
				TargetAttributes = {
					A4AB3C1C1B9AEA3F00377AAC = {
						CreatedOnToolsVersion = 6.4;
					};
					A4AB3C351B9AEA3F00377AAC = {
						CreatedOnToolsVersion = 6.4;
						TestTargetID = A4AB3C1C1B9AEA3F00377AAC;
					};
				};
			};
			buildConfigurationList = A4AB3C181B9AEA3F00377AAC /* Build configuration list for PBXProject "TestPlay" */;
			compatibilityVersion = "Xcode 3.2";
			developmentRegion = English;
			hasScannedForEncodings = 0;
			knownRegions = (
				en,
				Base,
			);
			mainGroup = A4AB3C141B9AEA3F00377AAC;
			productRefGroup = A4AB3C1E1B9AEA3F00377AAC /* Products */;
			projectDirPath = "";
			projectRoot = "";
			targets = (
				A4AB3C1C1B9AEA3F00377AAC /* TestPlay */,
				A4AB3C351B9AEA3F00377AAC /* TestPlayTests */,
			);
		};
/* End PBXProject section */

/* Begin PBXResourcesBuildPhase section */
		A4AB3C1B1B9AEA3F00377AAC /* Resources */ = {
			isa = PBXResourcesBuildPhase;
			buildActionMask = 2147483647;
			files = (
				A4AB3C2C1B9AEA3F00377AAC /* Main.storyboard in Resources */,
				A4AB3C311B9AEA3F00377AAC /* LaunchScreen.xib in Resources */,
				A4AB3C2E1B9AEA3F00377AAC /* Images.xcassets in Resources */,
				A4AB3C471B9AECC300377AAC /* test.mp4 in Resources */,
				A4AB3C491B9AF2A700377AAC /* Mac.mp4 in Resources */,
			);
			runOnlyForDeploymentPostprocessing = 0;
		};
		A4AB3C341B9AEA3F00377AAC /* Resources */ = {
			isa = PBXResourcesBuildPhase;
			buildActionMask = 2147483647;
			files = (
			);
			runOnlyForDeploymentPostprocessing = 0;
		};
/* End PBXResourcesBuildPhase section */

/* Begin PBXSourcesBuildPhase section */
		A4AB3C191B9AEA3F00377AAC /* Sources */ = {
			isa = PBXSourcesBuildPhase;
			buildActionMask = 2147483647;
			files = (
				A4AB3C291B9AEA3F00377AAC /* ViewController.m in Sources */,
				A4AB3C261B9AEA3F00377AAC /* AppDelegate.m in Sources */,
				A4AB3C231B9AEA3F00377AAC /* main.m in Sources */,
			);
			runOnlyForDeploymentPostprocessing = 0;
		};
		A4AB3C321B9AEA3F00377AAC /* Sources */ = {
			isa = PBXSourcesBuildPhase;
			buildActionMask = 2147483647;
			files = (
				A4AB3C3D1B9AEA3F00377AAC /* TestPlayTests.m in Sources */,
			);
			runOnlyForDeploymentPostprocessing = 0;
		};
/* End PBXSourcesBuildPhase section */

/* Begin PBXTargetDependency section */
		A4AB3C381B9AEA3F00377AAC /* PBXTargetDependency */ = {
			isa = PBXTargetDependency;
			target = A4AB3C1C1B9AEA3F00377AAC /* TestPlay */;
			targetProxy = A4AB3C371B9AEA3F00377AAC /* PBXContainerItemProxy */;
		};
/* End PBXTargetDependency section */

/* Begin PBXVariantGroup section */
		A4AB3C2A1B9AEA3F00377AAC /* Main.storyboard */ = {
			isa = PBXVariantGroup;
			children = (
				A4AB3C2B1B9AEA3F00377AAC /* Base */,
			);
			name = Main.storyboard;
			sourceTree = "<group>";
		};
		A4AB3C2F1B9AEA3F00377AAC /* LaunchScreen.xib */ = {
			isa = PBXVariantGroup;
			children = (
				A4AB3C301B9AEA3F00377AAC /* Base */,
			);
			name = LaunchScreen.xib;
			sourceTree = "<group>";
		};
/* End PBXVariantGroup section */

/* Begin XCBuildConfiguration section */
		A4AB3C3E1B9AEA3F00377AAC /* Debug */ = {
			isa = XCBuildConfiguration;
			buildSettings = {
				ALWAYS_SEARCH_USER_PATHS = NO;
				CLANG_CXX_LANGUAGE_STANDARD = "gnu++0x";
				CLANG_CXX_LIBRARY = "libc++";
				CLANG_ENABLE_MODULES = YES;
				CLANG_ENABLE_OBJC_ARC = YES;
				CLANG_WARN_BOOL_CONVERSION = YES;
				CLANG_WARN_CONSTANT_CONVERSION = YES;
				CLANG_WARN_DIRECT_OBJC_ISA_USAGE = YES_ERROR;
				CLANG_WARN_EMPTY_BODY = YES;
				CLANG_WARN_ENUM_CONVERSION = YES;
				CLANG_WARN_INT_CONVERSION = YES;
				CLANG_WARN_OBJC_ROOT_CLASS = YES_ERROR;
				CLANG_WARN_UNREACHABLE_CODE = YES;
				CLANG_WARN__DUPLICATE_METHOD_MATCH = YES;
				"CODE_SIGN_IDENTITY[sdk=iphoneos*]" = "iPhone Developer";
				COPY_PHASE_STRIP = NO;
				DEBUG_INFORMATION_FORMAT = "dwarf-with-dsym";
				ENABLE_STRICT_OBJC_MSGSEND = YES;
				GCC_C_LANGUAGE_STANDARD = gnu99;
				GCC_DYNAMIC_NO_PIC = NO;
				GCC_NO_COMMON_BLOCKS = YES;
				GCC_OPTIMIZATION_LEVEL = 0;
				GCC_PREPROCESSOR_DEFINITIONS = (
					"DEBUG=1",
					"$(inherited)",
				);
				GCC_SYMBOLS_PRIVATE_EXTERN = NO;
				GCC_WARN_64_TO_32_BIT_CONVERSION = YES;
				GCC_WARN_ABOUT_RETURN_TYPE = YES_ERROR;
				GCC_WARN_UNDECLARED_SELECTOR = YES;
				GCC_WARN_UNINITIALIZED_AUTOS = YES_AGGRESSIVE;
				GCC_WARN_UNUSED_FUNCTION = YES;
				GCC_WARN_UNUSED_VARIABLE = YES;
				IPHONEOS_DEPLOYMENT_TARGET = 8.4;
				MTL_ENABLE_DEBUG_INFO = YES;
				ONLY_ACTIVE_ARCH = YES;
				SDKROOT = iphoneos;
				TARGETED_DEVICE_FAMILY = "1,2";
			};
			name = Debug;
		};
		A4AB3C3F1B9AEA3F00377AAC /* Release */ = {
			isa = XCBuildConfiguration;
			buildSettings = {
				ALWAYS_SEARCH_USER_PATHS = NO;
				CLANG_CXX_LANGUAGE_STANDARD = "gnu++0x";
				CLANG_CXX_LIBRARY = "libc++";
				CLANG_ENABLE_MODULES = YES;
				CLANG_ENABLE_OBJC_ARC = YES;
				CLANG_WARN_BOOL_CONVERSION = YES;
				CLANG_WARN_CONSTANT_CONVERSION = YES;
				CLANG_WARN_DIRECT_OBJC_ISA_USAGE = YES_ERROR;
				CLANG_WARN_EMPTY_BODY = YES;
				CLANG_WARN_ENUM_CONVERSION = YES;
				CLANG_WARN_INT_CONVERSION = YES;
				CLANG_WARN_OBJC_ROOT_CLASS = YES_ERROR;
				CLANG_WARN_UNREACHABLE_CODE = YES;
				CLANG_WARN__DUPLICATE_METHOD_MATCH = YES;
				"CODE_SIGN_IDENTITY[sdk=iphoneos*]" = "iPhone Developer";
				COPY_PHASE_STRIP = NO;
				DEBUG_INFORMATION_FORMAT = "dwarf-with-dsym";
				ENABLE_NS_ASSERTIONS = NO;
				ENABLE_STRICT_OBJC_MSGSEND = YES;
				GCC_C_LANGUAGE_STANDARD = gnu99;
				GCC_NO_COMMON_BLOCKS = YES;
				GCC_WARN_64_TO_32_BIT_CONVERSION = YES;
				GCC_WARN_ABOUT_RETURN_TYPE = YES_ERROR;
				GCC_WARN_UNDECLARED_SELECTOR = YES;
				GCC_WARN_UNINITIALIZED_AUTOS = YES_AGGRESSIVE;
				GCC_WARN_UNUSED_FUNCTION = YES;
				GCC_WARN_UNUSED_VARIABLE = YES;
				IPHONEOS_DEPLOYMENT_TARGET = 8.4;
				MTL_ENABLE_DEBUG_INFO = NO;
				SDKROOT = iphoneos;
				TARGETED_DEVICE_FAMILY = "1,2";
				VALIDATE_PRODUCT = YES;
			};
			name = Release;
		};
		A4AB3C411B9AEA4000377AAC /* Debug */ = {
			isa = XCBuildConfiguration;
			buildSettings = {
				ASSETCATALOG_COMPILER_APPICON_NAME = AppIcon;
				INFOPLIST_FILE = TestPlay/Info.plist;
				LD_RUNPATH_SEARCH_PATHS = "$(inherited) @executable_path/Frameworks";
				PRODUCT_NAME = "$(TARGET_NAME)";
			};
			name = Debug;
		};
		A4AB3C421B9AEA4000377AAC /* Release */ = {
			isa = XCBuildConfiguration;
			buildSettings = {
				ASSETCATALOG_COMPILER_APPICON_NAME = AppIcon;
				INFOPLIST_FILE = TestPlay/Info.plist;
				LD_RUNPATH_SEARCH_PATHS = "$(inherited) @executable_path/Frameworks";
				PRODUCT_NAME = "$(TARGET_NAME)";
			};
			name = Release;
		};
		A4AB3C441B9AEA4000377AAC /* Debug */ = {
			isa = XCBuildConfiguration;
			buildSettings = {
				BUNDLE_LOADER = "$(TEST_HOST)";
				FRAMEWORK_SEARCH_PATHS = (
					"$(SDKROOT)/Developer/Library/Frameworks",
					"$(inherited)",
				);
				GCC_PREPROCESSOR_DEFINITIONS = (
					"DEBUG=1",
					"$(inherited)",
				);
				INFOPLIST_FILE = TestPlayTests/Info.plist;
				LD_RUNPATH_SEARCH_PATHS = "$(inherited) @executable_path/Frameworks @loader_path/Frameworks";
				PRODUCT_NAME = "$(TARGET_NAME)";
				TEST_HOST = "$(BUILT_PRODUCTS_DIR)/TestPlay.app/TestPlay";
			};
			name = Debug;
		};
		A4AB3C451B9AEA4000377AAC /* Release */ = {
			isa = XCBuildConfiguration;
			buildSettings = {
				BUNDLE_LOADER = "$(TEST_HOST)";
				FRAMEWORK_SEARCH_PATHS = (
					"$(SDKROOT)/Developer/Library/Frameworks",
					"$(inherited)",
				);
				INFOPLIST_FILE = TestPlayTests/Info.plist;
				LD_RUNPATH_SEARCH_PATHS = "$(inherited) @executable_path/Frameworks @loader_path/Frameworks";
				PRODUCT_NAME = "$(TARGET_NAME)";
				TEST_HOST = "$(BUILT_PRODUCTS_DIR)/TestPlay.app/TestPlay";
			};
			name = Release;
		};
/* End XCBuildConfiguration section */

/* Begin XCConfigurationList section */
		A4AB3C181B9AEA3F00377AAC /* Build configuration list for PBXProject "TestPlay" */ = {
			isa = XCConfigurationList;
			buildConfigurations = (
				A4AB3C3E1B9AEA3F00377AAC /* Debug */,
				A4AB3C3F1B9AEA3F00377AAC /* Release */,
			);
			defaultConfigurationIsVisible = 0;
			defaultConfigurationName = Release;
		};
		A4AB3C401B9AEA4000377AAC /* Build configuration list for PBXNativeTarget "TestPlay" */ = {
			isa = XCConfigurationList;
			buildConfigurations = (
				A4AB3C411B9AEA4000377AAC /* Debug */,
				A4AB3C421B9AEA4000377AAC /* Release */,
			);
			defaultConfigurationIsVisible = 0;
		};
		A4AB3C431B9AEA4000377AAC /* Build configuration list for PBXNativeTarget "TestPlayTests" */ = {
			isa = XCConfigurationList;
			buildConfigurations = (
				A4AB3C441B9AEA4000377AAC /* Debug */,
				A4AB3C451B9AEA4000377AAC /* Release */,
			);
			defaultConfigurationIsVisible = 0;
		};
/* End XCConfigurationList section */
	};
	rootObject = A4AB3C151B9AEA3F00377AAC /* Project object */;
}
